
Microsoft Visual Studio Solution File, Format Version 12.00
# Visual Studio Version 17
VisualStudioVersion = 17.5.33103.201
MinimumVisualStudioVersion = 10.0.40219.1
Project("{8BC9CEB8-8B4A-11D0-8D11-00A0C91BC942}") = "HW30_C++base_r00_20230427", "HW30_C++base_r00_20230427.vcxproj", "{6560EAF1-6D8A-4A01-9F80-9F0401DC5B8A}"
EndProject
Global
	GlobalSection(SolutionConfigurationPlatforms) = preSolution
		Debug|x64 = Debug|x64
		Debug|x86 = Debug|x86
		Release|x64 = Release|x64
		Release|x86 = Release|x86
	EndGlobalSection
	GlobalSection(ProjectConfigurationPlatforms) = postSolution
		{6560EAF1-6D8A-4A01-9F80-9F0401DC5B8A}.Debug|x64.ActiveCfg = Debug|x64
		{6560EAF1-6D8A-4A01-9F80-9F0401DC5B8A}.Debug|x64.Build.0 = Debug|x64
		{6560EAF1-6D8A-4A01-9F80-9F0401DC5B8A}.Debug|x86.ActiveCfg = Debug|Win32
		{6560EAF1-6D8A-4A01-9F80-9F0401DC5B8A}.Debug|x86.Build.0 = Debug|Win32
		{6560EAF1-6D8A-4A01-9F80-9F0401DC5B8A}.Release|x64.ActiveCfg = Release|x64
		{6560EAF1-6D8A-4A01-9F80-9F0401DC5B8A}.Release|x64.Build.0 = Release|x64
		{6560EAF1-6D8A-4A01-9F80-9F0401DC5B8A}.Release|x86.ActiveCfg = Release|Win32
		{6560EAF1-6D8A-4A01-9F80-9F0401DC5B8A}.Release|x86.Build.0 = Release|Win32
	EndGlobalSection
	GlobalSection(SolutionProperties) = preSolution
		HideSolutionNode = FALSE
	EndGlobalSection
	GlobalSection(ExtensibilityGlobals) = postSolution
		SolutionGuid = {3994F97F-BB60-48A2-B6BD-A52AD8CEC3FB}
	EndGlobalSection
EndGlobal
